
Microsoft Visual Studio Solution File, Format Version 12.00
# Visual Studio Version 16
VisualStudioVersion = 16.0.30320.27
MinimumVisualStudioVersion = 10.0.40219.1
Project("{FAE04EC0-301F-11D3-BF4B-00C04F79EFBC}") = "leave-management", "leave-management\leave-management.csproj", "{60CB3B8F-B905-42BE-8F1F-BB8660CBCC8D}"
EndProject
Global
	GlobalSection(SolutionConfigurationPlatforms) = preSolution
		Debug|Any CPU = Debug|Any CPU
		Release|Any CPU = Release|Any CPU
	EndGlobalSection
	GlobalSection(ProjectConfigurationPlatforms) = postSolution
		{60CB3B8F-B905-42BE-8F1F-BB8660CBCC8D}.Debug|Any CPU.ActiveCfg = Debug|Any CPU
		{60CB3B8F-B905-42BE-8F1F-BB8660CBCC8D}.Debug|Any CPU.Build.0 = Debug|Any CPU
		{60CB3B8F-B905-42BE-8F1F-BB8660CBCC8D}.Release|Any CPU.ActiveCfg = Release|Any CPU
		{60CB3B8F-B905-42BE-8F1F-BB8660CBCC8D}.Release|Any CPU.Build.0 = Release|Any CPU
	EndGlobalSection
	GlobalSection(SolutionProperties) = preSolution
		HideSolutionNode = FALSE
	EndGlobalSection
	GlobalSection(ExtensibilityGlobals) = postSolution
		SolutionGuid = {23E94590-E382-4676-9E11-A30DA3285E01}
	EndGlobalSection
EndGlobal
